
Microsoft Visual Studio Solution File, Format Version 12.00
# Visual Studio Version 16
VisualStudioVersion = 16.0.30907.101
MinimumVisualStudioVersion = 10.0.40219.1
Project("{FAE04EC0-301F-11D3-BF4B-00C04F79EFBC}") = "w3resourcePracticeQs", "w3resourcePracticeQs\w3resourcePracticeQs.csproj", "{967EFA90-B6FC-451B-90BC-1A25D7349F42}"
EndProject
Global
	GlobalSection(SolutionConfigurationPlatforms) = preSolution
		Debug|Any CPU = Debug|Any CPU
		Release|Any CPU = Release|Any CPU
	EndGlobalSection
	GlobalSection(ProjectConfigurationPlatforms) = postSolution
		{967EFA90-B6FC-451B-90BC-1A25D7349F42}.Debug|Any CPU.ActiveCfg = Debug|Any CPU
		{967EFA90-B6FC-451B-90BC-1A25D7349F42}.Debug|Any CPU.Build.0 = Debug|Any CPU
		{967EFA90-B6FC-451B-90BC-1A25D7349F42}.Release|Any CPU.ActiveCfg = Release|Any CPU
		{967EFA90-B6FC-451B-90BC-1A25D7349F42}.Release|Any CPU.Build.0 = Release|Any CPU
	EndGlobalSection
	GlobalSection(SolutionProperties) = preSolution
		HideSolutionNode = FALSE
	EndGlobalSection
	GlobalSection(ExtensibilityGlobals) = postSolution
		SolutionGuid = {D486B13A-A654-4DE5-853E-E1FF232091E6}
	EndGlobalSection
EndGlobal
